// !$*UTF8*$!
{
	archiveVersion = 1;
	classes = {
	};
	objectVersion = 50;
	objects = {

/* Begin PBXBuildFile section */
		1089D90F05D2076F22912D1C /* Pods_Breakpoint.framework in Frameworks */ = {isa = PBXBuildFile; fileRef = DC4B198DB3A205F9D974ACE2 /* Pods_Breakpoint.framework */; };
		971675FC21C8ED7C00172232 /* Groups.swift in Sources */ = {isa = PBXBuildFile; fileRef = 971675FB21C8ED7C00172232 /* Groups.swift */; };
		971675FE21C9250500172232 /* GroupFeedVC.swift in Sources */ = {isa = PBXBuildFile; fileRef = 971675FD21C9250500172232 /* GroupFeedVC.swift */; };
		9716760021C9284E00172232 /* GroupFeedCell.swift in Sources */ = {isa = PBXBuildFile; fileRef = 971675FF21C9284E00172232 /* GroupFeedCell.swift */; };
		9716958721C417820057610D /* AppDelegate.swift in Sources */ = {isa = PBXBuildFile; fileRef = 9716958621C417820057610D /* AppDelegate.swift */; };
		9716958921C417820057610D /* FeedVC.swift in Sources */ = {isa = PBXBuildFile; fileRef = 9716958821C417820057610D /* FeedVC.swift */; };
		9716958B21C417820057610D /* GroupVC.swift in Sources */ = {isa = PBXBuildFile; fileRef = 9716958A21C417820057610D /* GroupVC.swift */; };
		9716958E21C417820057610D /* Main.storyboard in Resources */ = {isa = PBXBuildFile; fileRef = 9716958C21C417820057610D /* Main.storyboard */; };
		9716959021C417840057610D /* Assets.xcassets in Resources */ = {isa = PBXBuildFile; fileRef = 9716958F21C417840057610D /* Assets.xcassets */; };
		9716959321C417840057610D /* LaunchScreen.storyboard in Resources */ = {isa = PBXBuildFile; fileRef = 9716959121C417840057610D /* LaunchScreen.storyboard */; };
		9716959F21C41ADB0057610D /* GoogleService-Info.plist in Resources */ = {isa = PBXBuildFile; fileRef = 9716959E21C41ADB0057610D /* GoogleService-Info.plist */; };
		971695A221C41D7A0057610D /* DataService.swift in Sources */ = {isa = PBXBuildFile; fileRef = 971695A121C41D7A0057610D /* DataService.swift */; };
		971695A421C4351B0057610D /* AuthVC.swift in Sources */ = {isa = PBXBuildFile; fileRef = 971695A321C4351B0057610D /* AuthVC.swift */; };
		971695A621C435410057610D /* LoginVC.swift in Sources */ = {isa = PBXBuildFile; fileRef = 971695A521C435410057610D /* LoginVC.swift */; };
		971695A821C4363F0057610D /* InsetTextField.swift in Sources */ = {isa = PBXBuildFile; fileRef = 971695A721C4363F0057610D /* InsetTextField.swift */; };
		971695AA21C446970057610D /* ShadowView.swift in Sources */ = {isa = PBXBuildFile; fileRef = 971695A921C446970057610D /* ShadowView.swift */; };
		971695AC21C447D70057610D /* AuthService.swift in Sources */ = {isa = PBXBuildFile; fileRef = 971695AB21C447D70057610D /* AuthService.swift */; };
		971A936C21C59AA600906E0D /* MeVC.swift in Sources */ = {isa = PBXBuildFile; fileRef = 971A936B21C59AA600906E0D /* MeVC.swift */; };
		971A936E21C6534B00906E0D /* CreatePostVC.swift in Sources */ = {isa = PBXBuildFile; fileRef = 971A936D21C6534B00906E0D /* CreatePostVC.swift */; };
		971A937021C68EB400906E0D /* UIViewExt.swift in Sources */ = {isa = PBXBuildFile; fileRef = 971A936F21C68EB400906E0D /* UIViewExt.swift */; };
		971A937221C69DCC00906E0D /* FeedCell.swift in Sources */ = {isa = PBXBuildFile; fileRef = 971A937121C69DCC00906E0D /* FeedCell.swift */; };
		971A937421C6AFAC00906E0D /* Feed.swift in Sources */ = {isa = PBXBuildFile; fileRef = 971A937321C6AFAC00906E0D /* Feed.swift */; };
		971A937621C6E5B800906E0D /* CreateGroupVC.swift in Sources */ = {isa = PBXBuildFile; fileRef = 971A937521C6E5B800906E0D /* CreateGroupVC.swift */; };
		97A5FDB521C9A9F800E42014 /* UIViewControllerExt.swift in Sources */ = {isa = PBXBuildFile; fileRef = 97A5FDB421C9A9F800E42014 /* UIViewControllerExt.swift */; };
		97DE00E621C6F1AF00A75F20 /* UserCell.swift in Sources */ = {isa = PBXBuildFile; fileRef = 97DE00E521C6F1AF00A75F20 /* UserCell.swift */; };
		97DE00E821C8358700A75F20 /* GroupCell.swift in Sources */ = {isa = PBXBuildFile; fileRef = 97DE00E721C8358700A75F20 /* GroupCell.swift */; };
/* End PBXBuildFile section */

/* Begin PBXFileReference section */
		4802E8030206D4AB69EA6371 /* Pods-Breakpoint.debug.xcconfig */ = {isa = PBXFileReference; includeInIndex = 1; lastKnownFileType = text.xcconfig; name = "Pods-Breakpoint.debug.xcconfig"; path = "Pods/Target Support Files/Pods-Breakpoint/Pods-Breakpoint.debug.xcconfig"; sourceTree = "<group>"; };
		485E441A772DEF8F6F719BEC /* Pods-Breakpoint.release.xcconfig */ = {isa = PBXFileReference; includeInIndex = 1; lastKnownFileType = text.xcconfig; name = "Pods-Breakpoint.release.xcconfig"; path = "Pods/Target Support Files/Pods-Breakpoint/Pods-Breakpoint.release.xcconfig"; sourceTree = "<group>"; };
		971675FB21C8ED7C00172232 /* Groups.swift */ = {isa = PBXFileReference; lastKnownFileType = sourcecode.swift; path = Groups.swift; sourceTree = "<group>"; };
		971675FD21C9250500172232 /* GroupFeedVC.swift */ = {isa = PBXFileReference; lastKnownFileType = sourcecode.swift; path = GroupFeedVC.swift; sourceTree = "<group>"; };
		971675FF21C9284E00172232 /* GroupFeedCell.swift */ = {isa = PBXFileReference; lastKnownFileType = sourcecode.swift; path = GroupFeedCell.swift; sourceTree = "<group>"; };
		9716958321C417820057610D /* Breakpoint.app */ = {isa = PBXFileReference; explicitFileType = wrapper.application; includeInIndex = 0; path = Breakpoint.app; sourceTree = BUILT_PRODUCTS_DIR; };
		9716958621C417820057610D /* AppDelegate.swift */ = {isa = PBXFileReference; lastKnownFileType = sourcecode.swift; path = AppDelegate.swift; sourceTree = "<group>"; };
		9716958821C417820057610D /* FeedVC.swift */ = {isa = PBXFileReference; lastKnownFileType = sourcecode.swift; path = FeedVC.swift; sourceTree = "<group>"; };
		9716958A21C417820057610D /* GroupVC.swift */ = {isa = PBXFileReference; lastKnownFileType = sourcecode.swift; path = GroupVC.swift; sourceTree = "<group>"; };
		9716958D21C417820057610D /* Base */ = {isa = PBXFileReference; lastKnownFileType = file.storyboard; name = Base; path = Base.lproj/Main.storyboard; sourceTree = "<group>"; };
		9716958F21C417840057610D /* Assets.xcassets */ = {isa = PBXFileReference; lastKnownFileType = folder.assetcatalog; path = Assets.xcassets; sourceTree = "<group>"; };
		9716959221C417840057610D /* Base */ = {isa = PBXFileReference; lastKnownFileType = file.storyboard; name = Base; path = Base.lproj/LaunchScreen.storyboard; sourceTree = "<group>"; };
		9716959421C417840057610D /* Info.plist */ = {isa = PBXFileReference; lastKnownFileType = text.plist.xml; path = Info.plist; sourceTree = "<group>"; };
		9716959E21C41ADB0057610D /* GoogleService-Info.plist */ = {isa = PBXFileReference; fileEncoding = 4; lastKnownFileType = text.plist.xml; path = "GoogleService-Info.plist"; sourceTree = "<group>"; };
		971695A121C41D7A0057610D /* DataService.swift */ = {isa = PBXFileReference; lastKnownFileType = sourcecode.swift; path = DataService.swift; sourceTree = "<group>"; };
		971695A321C4351B0057610D /* AuthVC.swift */ = {isa = PBXFileReference; lastKnownFileType = sourcecode.swift; path = AuthVC.swift; sourceTree = "<group>"; };
		971695A521C435410057610D /* LoginVC.swift */ = {isa = PBXFileReference; lastKnownFileType = sourcecode.swift; path = LoginVC.swift; sourceTree = "<group>"; };
		971695A721C4363F0057610D /* InsetTextField.swift */ = {isa = PBXFileReference; lastKnownFileType = sourcecode.swift; path = InsetTextField.swift; sourceTree = "<group>"; };
		971695A921C446970057610D /* ShadowView.swift */ = {isa = PBXFileReference; lastKnownFileType = sourcecode.swift; path = ShadowView.swift; sourceTree = "<group>"; };
		971695AB21C447D70057610D /* AuthService.swift */ = {isa = PBXFileReference; lastKnownFileType = sourcecode.swift; path = AuthService.swift; sourceTree = "<group>"; };
		971A936B21C59AA600906E0D /* MeVC.swift */ = {isa = PBXFileReference; lastKnownFileType = sourcecode.swift; path = MeVC.swift; sourceTree = "<group>"; };
		971A936D21C6534B00906E0D /* CreatePostVC.swift */ = {isa = PBXFileReference; lastKnownFileType = sourcecode.swift; path = CreatePostVC.swift; sourceTree = "<group>"; };
		971A936F21C68EB400906E0D /* UIViewExt.swift */ = {isa = PBXFileReference; lastKnownFileType = sourcecode.swift; path = UIViewExt.swift; sourceTree = "<group>"; };
		971A937121C69DCC00906E0D /* FeedCell.swift */ = {isa = PBXFileReference; lastKnownFileType = sourcecode.swift; path = FeedCell.swift; sourceTree = "<group>"; };
		971A937321C6AFAC00906E0D /* Feed.swift */ = {isa = PBXFileReference; lastKnownFileType = sourcecode.swift; path = Feed.swift; sourceTree = "<group>"; };
		971A937521C6E5B800906E0D /* CreateGroupVC.swift */ = {isa = PBXFileReference; lastKnownFileType = sourcecode.swift; path = CreateGroupVC.swift; sourceTree = "<group>"; };
		97A5FDB421C9A9F800E42014 /* UIViewControllerExt.swift */ = {isa = PBXFileReference; lastKnownFileType = sourcecode.swift; path = UIViewControllerExt.swift; sourceTree = "<group>"; };
		97DE00E521C6F1AF00A75F20 /* UserCell.swift */ = {isa = PBXFileReference; lastKnownFileType = sourcecode.swift; path = UserCell.swift; sourceTree = "<group>"; };
		97DE00E721C8358700A75F20 /* GroupCell.swift */ = {isa = PBXFileReference; lastKnownFileType = sourcecode.swift; path = GroupCell.swift; sourceTree = "<group>"; };
		DC4B198DB3A205F9D974ACE2 /* Pods_Breakpoint.framework */ = {isa = PBXFileReference; explicitFileType = wrapper.framework; includeInIndex = 0; path = Pods_Breakpoint.framework; sourceTree = BUILT_PRODUCTS_DIR; };
/* End PBXFileReference section */

/* Begin PBXFrameworksBuildPhase section */
		9716958021C417820057610D /* Frameworks */ = {
			isa = PBXFrameworksBuildPhase;
			buildActionMask = 2147483647;
			files = (
				1089D90F05D2076F22912D1C /* Pods_Breakpoint.framework in Frameworks */,
			);
			runOnlyForDeploymentPostprocessing = 0;
		};
/* End PBXFrameworksBuildPhase section */

/* Begin PBXGroup section */
		9716957A21C417820057610D = {
			isa = PBXGroup;
			children = (
				9716958521C417820057610D /* Breakpoint */,
				9716958421C417820057610D /* Products */,
				F31913C8C33E6BEDE64B52D2 /* Pods */,
				C6158F66367303B2492BEB9D /* Frameworks */,
			);
			sourceTree = "<group>";
		};
		9716958421C417820057610D /* Products */ = {
			isa = PBXGroup;
			children = (
				9716958321C417820057610D /* Breakpoint.app */,
			);
			name = Products;
			sourceTree = "<group>";
		};
		9716958521C417820057610D /* Breakpoint */ = {
			isa = PBXGroup;
			children = (
				971695A021C41D510057610D /* Services */,
				9716959D21C418A30057610D /* Extensions */,
				9716959C21C4189B0057610D /* Model */,
				9716959B21C418950057610D /* View */,
				9716959A21C418870057610D /* Controller */,
				9716958621C417820057610D /* AppDelegate.swift */,
				9716958C21C417820057610D /* Main.storyboard */,
				9716958F21C417840057610D /* Assets.xcassets */,
				9716959121C417840057610D /* LaunchScreen.storyboard */,
				9716959421C417840057610D /* Info.plist */,
				9716959E21C41ADB0057610D /* GoogleService-Info.plist */,
			);
			path = Breakpoint;
			sourceTree = "<group>";
		};
		9716959A21C418870057610D /* Controller */ = {
			isa = PBXGroup;
			children = (
				9716958821C417820057610D /* FeedVC.swift */,
				9716958A21C417820057610D /* GroupVC.swift */,
				971695A321C4351B0057610D /* AuthVC.swift */,
				971695A521C435410057610D /* LoginVC.swift */,
				971A936B21C59AA600906E0D /* MeVC.swift */,
				971A936D21C6534B00906E0D /* CreatePostVC.swift */,
				971A937521C6E5B800906E0D /* CreateGroupVC.swift */,
				971675FD21C9250500172232 /* GroupFeedVC.swift */,
			);
			path = Controller;
			sourceTree = "<group>";
		};
		9716959B21C418950057610D /* View */ = {
			isa = PBXGroup;
			children = (
				971695A721C4363F0057610D /* InsetTextField.swift */,
				971695A921C446970057610D /* ShadowView.swift */,
				971A937121C69DCC00906E0D /* FeedCell.swift */,
				97DE00E521C6F1AF00A75F20 /* UserCell.swift */,
				97DE00E721C8358700A75F20 /* GroupCell.swift */,
				971675FF21C9284E00172232 /* GroupFeedCell.swift */,
			);
			path = View;
			sourceTree = "<group>";
		};
		9716959C21C4189B0057610D /* Model */ = {
			isa = PBXGroup;
			children = (
				971A937321C6AFAC00906E0D /* Feed.swift */,
				971675FB21C8ED7C00172232 /* Groups.swift */,
			);
			path = Model;
			sourceTree = "<group>";
		};
		9716959D21C418A30057610D /* Extensions */ = {
			isa = PBXGroup;
			children = (
				971A936F21C68EB400906E0D /* UIViewExt.swift */,
				97A5FDB421C9A9F800E42014 /* UIViewControllerExt.swift */,
			);
			path = Extensions;
			sourceTree = "<group>";
		};
		971695A021C41D510057610D /* Services */ = {
			isa = PBXGroup;
			children = (
				971695A121C41D7A0057610D /* DataService.swift */,
				971695AB21C447D70057610D /* AuthService.swift */,
			);
			path = Services;
			sourceTree = "<group>";
		};
		C6158F66367303B2492BEB9D /* Frameworks */ = {
			isa = PBXGroup;
			children = (
				DC4B198DB3A205F9D974ACE2 /* Pods_Breakpoint.framework */,
			);
			name = Frameworks;
			sourceTree = "<group>";
		};
		F31913C8C33E6BEDE64B52D2 /* Pods */ = {
			isa = PBXGroup;
			children = (
				4802E8030206D4AB69EA6371 /* Pods-Breakpoint.debug.xcconfig */,
				485E441A772DEF8F6F719BEC /* Pods-Breakpoint.release.xcconfig */,
			);
			name = Pods;
			sourceTree = "<group>";
		};
/* End PBXGroup section */

/* Begin PBXNativeTarget section */
		9716958221C417820057610D /* Breakpoint */ = {
			isa = PBXNativeTarget;
			buildConfigurationList = 9716959721C417840057610D /* Build configuration list for PBXNativeTarget "Breakpoint" */;
			buildPhases = (
				9DEC18FD3384AA780FE644F4 /* [CP] Check Pods Manifest.lock */,
				9716957F21C417820057610D /* Sources */,
				9716958021C417820057610D /* Frameworks */,
				9716958121C417820057610D /* Resources */,
				8FDAE684E788E68F3DC30931 /* [CP] Embed Pods Frameworks */,
			);
			buildRules = (
			);
			dependencies = (
			);
			name = Breakpoint;
			productName = Breakpoint;
			productReference = 9716958321C417820057610D /* Breakpoint.app */;
			productType = "com.apple.product-type.application";
		};
/* End PBXNativeTarget section */

/* Begin PBXProject section */
		9716957B21C417820057610D /* Project object */ = {
			isa = PBXProject;
			attributes = {
				LastSwiftUpdateCheck = 1010;
				LastUpgradeCheck = 1010;
				ORGANIZATIONNAME = "Ketan Choyal";
				TargetAttributes = {
					9716958221C417820057610D = {
						CreatedOnToolsVersion = 10.1;
					};
				};
			};
			buildConfigurationList = 9716957E21C417820057610D /* Build configuration list for PBXProject "Breakpoint" */;
			compatibilityVersion = "Xcode 9.3";
			developmentRegion = en;
			hasScannedForEncodings = 0;
			knownRegions = (
				en,
				Base,
			);
			mainGroup = 9716957A21C417820057610D;
			productRefGroup = 9716958421C417820057610D /* Products */;
			projectDirPath = "";
			projectRoot = "";
			targets = (
				9716958221C417820057610D /* Breakpoint */,
			);
		};
/* End PBXProject section */

/* Begin PBXResourcesBuildPhase section */
		9716958121C417820057610D /* Resources */ = {
			isa = PBXResourcesBuildPhase;
			buildActionMask = 2147483647;
			files = (
				9716959321C417840057610D /* LaunchScreen.storyboard in Resources */,
				9716959F21C41ADB0057610D /* GoogleService-Info.plist in Resources */,
				9716959021C417840057610D /* Assets.xcassets in Resources */,
				9716958E21C417820057610D /* Main.storyboard in Resources */,
			);
			runOnlyForDeploymentPostprocessing = 0;
		};
/* End PBXResourcesBuildPhase section */

/* Begin PBXShellScriptBuildPhase section */
		8FDAE684E788E68F3DC30931 /* [CP] Embed Pods Frameworks */ = {
			isa = PBXShellScriptBuildPhase;
			buildActionMask = 2147483647;
			files = (
			);
			inputFileListPaths = (
			);
			inputPaths = (
				"${SRCROOT}/Pods/Target Support Files/Pods-Breakpoint/Pods-Breakpoint-frameworks.sh",
				"${BUILT_PRODUCTS_DIR}/GTMSessionFetcher/GTMSessionFetcher.framework",
				"${BUILT_PRODUCTS_DIR}/GoogleUtilities/GoogleUtilities.framework",
				"${BUILT_PRODUCTS_DIR}/leveldb-library/leveldb.framework",
				"${BUILT_PRODUCTS_DIR}/nanopb/nanopb.framework",
			);
			name = "[CP] Embed Pods Frameworks";
			outputFileListPaths = (
			);
			outputPaths = (
				"${TARGET_BUILD_DIR}/${FRAMEWORKS_FOLDER_PATH}/GTMSessionFetcher.framework",
				"${TARGET_BUILD_DIR}/${FRAMEWORKS_FOLDER_PATH}/GoogleUtilities.framework",
				"${TARGET_BUILD_DIR}/${FRAMEWORKS_FOLDER_PATH}/leveldb.framework",
				"${TARGET_BUILD_DIR}/${FRAMEWORKS_FOLDER_PATH}/nanopb.framework",
			);
			runOnlyForDeploymentPostprocessing = 0;
			shellPath = /bin/sh;
			shellScript = "\"${SRCROOT}/Pods/Target Support Files/Pods-Breakpoint/Pods-Breakpoint-frameworks.sh\"\n";
			showEnvVarsInLog = 0;
		};
		9DEC18FD3384AA780FE644F4 /* [CP] Check Pods Manifest.lock */ = {
			isa = PBXShellScriptBuildPhase;
			buildActionMask = 2147483647;
			files = (
			);
			inputFileListPaths = (
			);
			inputPaths = (
				"${PODS_PODFILE_DIR_PATH}/Podfile.lock",
				"${PODS_ROOT}/Manifest.lock",
			);
			name = "[CP] Check Pods Manifest.lock";
			outputFileListPaths = (
			);
			outputPaths = (
				"$(DERIVED_FILE_DIR)/Pods-Breakpoint-checkManifestLockResult.txt",
			);
			runOnlyForDeploymentPostprocessing = 0;
			shellPath = /bin/sh;
			shellScript = "diff \"${PODS_PODFILE_DIR_PATH}/Podfile.lock\" \"${PODS_ROOT}/Manifest.lock\" > /dev/null\nif [ $? != 0 ] ; then\n    # print error to STDERR\n    echo \"error: The sandbox is not in sync with the Podfile.lock. Run 'pod install' or update your CocoaPods installation.\" >&2\n    exit 1\nfi\n# This output is used by Xcode 'outputs' to avoid re-running this script phase.\necho \"SUCCESS\" > \"${SCRIPT_OUTPUT_FILE_0}\"\n";
			showEnvVarsInLog = 0;
		};
/* End PBXShellScriptBuildPhase section */

/* Begin PBXSourcesBuildPhase section */
		9716957F21C417820057610D /* Sources */ = {
			isa = PBXSourcesBuildPhase;
			buildActionMask = 2147483647;
			files = (
				971A937021C68EB400906E0D /* UIViewExt.swift in Sources */,
				971A937221C69DCC00906E0D /* FeedCell.swift in Sources */,
				971A936C21C59AA600906E0D /* MeVC.swift in Sources */,
				97DE00E821C8358700A75F20 /* GroupCell.swift in Sources */,
				971A937421C6AFAC00906E0D /* Feed.swift in Sources */,
				97A5FDB521C9A9F800E42014 /* UIViewControllerExt.swift in Sources */,
				971695A421C4351B0057610D /* AuthVC.swift in Sources */,
				9716958B21C417820057610D /* GroupVC.swift in Sources */,
				971695A621C435410057610D /* LoginVC.swift in Sources */,
				971675FE21C9250500172232 /* GroupFeedVC.swift in Sources */,
				971695AC21C447D70057610D /* AuthService.swift in Sources */,
				97DE00E621C6F1AF00A75F20 /* UserCell.swift in Sources */,
				971A937621C6E5B800906E0D /* CreateGroupVC.swift in Sources */,
				9716958721C417820057610D /* AppDelegate.swift in Sources */,
				971695AA21C446970057610D /* ShadowView.swift in Sources */,
				971A936E21C6534B00906E0D /* CreatePostVC.swift in Sources */,
				9716760021C9284E00172232 /* GroupFeedCell.swift in Sources */,
				9716958921C417820057610D /* FeedVC.swift in Sources */,
				971695A821C4363F0057610D /* InsetTextField.swift in Sources */,
				971695A221C41D7A0057610D /* DataService.swift in Sources */,
				971675FC21C8ED7C00172232 /* Groups.swift in Sources */,
			);
			runOnlyForDeploymentPostprocessing = 0;
		};
/* End PBXSourcesBuildPhase section */

/* Begin PBXVariantGroup section */
		9716958C21C417820057610D /* Main.storyboard */ = {
			isa = PBXVariantGroup;
			children = (
				9716958D21C417820057610D /* Base */,
			);
			name = Main.storyboard;
			sourceTree = "<group>";
		};
		9716959121C417840057610D /* LaunchScreen.storyboard */ = {
			isa = PBXVariantGroup;
			children = (
				9716959221C417840057610D /* Base */,
			);
			name = LaunchScreen.storyboard;
			sourceTree = "<group>";
		};
/* End PBXVariantGroup section */

/* Begin XCBuildConfiguration section */
		9716959521C417840057610D /* Debug */ = {
			isa = XCBuildConfiguration;
			buildSettings = {
				ALWAYS_SEARCH_USER_PATHS = NO;
				CLANG_ANALYZER_NONNULL = YES;
				CLANG_ANALYZER_NUMBER_OBJECT_CONVERSION = YES_AGGRESSIVE;
				CLANG_CXX_LANGUAGE_STANDARD = "gnu++14";
				CLANG_CXX_LIBRARY = "libc++";
				CLANG_ENABLE_MODULES = YES;
				CLANG_ENABLE_OBJC_ARC = YES;
				CLANG_ENABLE_OBJC_WEAK = YES;
				CLANG_WARN_BLOCK_CAPTURE_AUTORELEASING = YES;
				CLANG_WARN_BOOL_CONVERSION = YES;
				CLANG_WARN_COMMA = YES;
				CLANG_WARN_CONSTANT_CONVERSION = YES;
				CLANG_WARN_DEPRECATED_OBJC_IMPLEMENTATIONS = YES;
				CLANG_WARN_DIRECT_OBJC_ISA_USAGE = YES_ERROR;
				CLANG_WARN_DOCUMENTATION_COMMENTS = YES;
				CLANG_WARN_EMPTY_BODY = YES;
				CLANG_WARN_ENUM_CONVERSION = YES;
				CLANG_WARN_INFINITE_RECURSION = YES;
				CLANG_WARN_INT_CONVERSION = YES;
				CLANG_WARN_NON_LITERAL_NULL_CONVERSION = YES;
				CLANG_WARN_OBJC_IMPLICIT_RETAIN_SELF = YES;
				CLANG_WARN_OBJC_LITERAL_CONVERSION = YES;
				CLANG_WARN_OBJC_ROOT_CLASS = YES_ERROR;
				CLANG_WARN_RANGE_LOOP_ANALYSIS = YES;
				CLANG_WARN_STRICT_PROTOTYPES = YES;
				CLANG_WARN_SUSPICIOUS_MOVE = YES;
				CLANG_WARN_UNGUARDED_AVAILABILITY = YES_AGGRESSIVE;
				CLANG_WARN_UNREACHABLE_CODE = YES;
				CLANG_WARN__DUPLICATE_METHOD_MATCH = YES;
				CODE_SIGN_IDENTITY = "iPhone Developer";
				COPY_PHASE_STRIP = NO;
				DEBUG_INFORMATION_FORMAT = dwarf;
				ENABLE_STRICT_OBJC_MSGSEND = YES;
				ENABLE_TESTABILITY = YES;
				GCC_C_LANGUAGE_STANDARD = gnu11;
				GCC_DYNAMIC_NO_PIC = NO;
				GCC_NO_COMMON_BLOCKS = YES;
				GCC_OPTIMIZATION_LEVEL = 0;
				GCC_PREPROCESSOR_DEFINITIONS = (
					"DEBUG=1",
					"$(inherited)",
				);
				GCC_WARN_64_TO_32_BIT_CONVERSION = YES;
				GCC_WARN_ABOUT_RETURN_TYPE = YES_ERROR;
				GCC_WARN_UNDECLARED_SELECTOR = YES;
				GCC_WARN_UNINITIALIZED_AUTOS = YES_AGGRESSIVE;
				GCC_WARN_UNUSED_FUNCTION = YES;
				GCC_WARN_UNUSED_VARIABLE = YES;
				IPHONEOS_DEPLOYMENT_TARGET = 12.1;
				MTL_ENABLE_DEBUG_INFO = INCLUDE_SOURCE;
				MTL_FAST_MATH = YES;
				ONLY_ACTIVE_ARCH = YES;
				SDKROOT = iphoneos;
				SWIFT_ACTIVE_COMPILATION_CONDITIONS = DEBUG;
				SWIFT_OPTIMIZATION_LEVEL = "-Onone";
			};
			name = Debug;
		};
		9716959621C417840057610D /* Release */ = {
			isa = XCBuildConfiguration;
			buildSettings = {
				ALWAYS_SEARCH_USER_PATHS = NO;
				CLANG_ANALYZER_NONNULL = YES;
				CLANG_ANALYZER_NUMBER_OBJECT_CONVERSION = YES_AGGRESSIVE;
				CLANG_CXX_LANGUAGE_STANDARD = "gnu++14";
				CLANG_CXX_LIBRARY = "libc++";
				CLANG_ENABLE_MODULES = YES;
				CLANG_ENABLE_OBJC_ARC = YES;
				CLANG_ENABLE_OBJC_WEAK = YES;
				CLANG_WARN_BLOCK_CAPTURE_AUTORELEASING = YES;
				CLANG_WARN_BOOL_CONVERSION = YES;
				CLANG_WARN_COMMA = YES;
				CLANG_WARN_CONSTANT_CONVERSION = YES;
				CLANG_WARN_DEPRECATED_OBJC_IMPLEMENTATIONS = YES;
				CLANG_WARN_DIRECT_OBJC_ISA_USAGE = YES_ERROR;
				CLANG_WARN_DOCUMENTATION_COMMENTS = YES;
				CLANG_WARN_EMPTY_BODY = YES;
				CLANG_WARN_ENUM_CONVERSION = YES;
				CLANG_WARN_INFINITE_RECURSION = YES;
				CLANG_WARN_INT_CONVERSION = YES;
				CLANG_WARN_NON_LITERAL_NULL_CONVERSION = YES;
				CLANG_WARN_OBJC_IMPLICIT_RETAIN_SELF = YES;
				CLANG_WARN_OBJC_LITERAL_CONVERSION = YES;
				CLANG_WARN_OBJC_ROOT_CLASS = YES_ERROR;
				CLANG_WARN_RANGE_LOOP_ANALYSIS = YES;
				CLANG_WARN_STRICT_PROTOTYPES = YES;
				CLANG_WARN_SUSPICIOUS_MOVE = YES;
				CLANG_WARN_UNGUARDED_AVAILABILITY = YES_AGGRESSIVE;
				CLANG_WARN_UNREACHABLE_CODE = YES;
				CLANG_WARN__DUPLICATE_METHOD_MATCH = YES;
				CODE_SIGN_IDENTITY = "iPhone Developer";
				COPY_PHASE_STRIP = NO;
				DEBUG_INFORMATION_FORMAT = "dwarf-with-dsym";
				ENABLE_NS_ASSERTIONS = NO;
				ENABLE_STRICT_OBJC_MSGSEND = YES;
				GCC_C_LANGUAGE_STANDARD = gnu11;
				GCC_NO_COMMON_BLOCKS = YES;
				GCC_WARN_64_TO_32_BIT_CONVERSION = YES;
				GCC_WARN_ABOUT_RETURN_TYPE = YES_ERROR;
				GCC_WARN_UNDECLARED_SELECTOR = YES;
				GCC_WARN_UNINITIALIZED_AUTOS = YES_AGGRESSIVE;
				GCC_WARN_UNUSED_FUNCTION = YES;
				GCC_WARN_UNUSED_VARIABLE = YES;
				IPHONEOS_DEPLOYMENT_TARGET = 12.1;
				MTL_ENABLE_DEBUG_INFO = NO;
				MTL_FAST_MATH = YES;
				SDKROOT = iphoneos;
				SWIFT_COMPILATION_MODE = wholemodule;
				SWIFT_OPTIMIZATION_LEVEL = "-O";
				VALIDATE_PRODUCT = YES;
			};
			name = Release;
		};
		9716959821C417840057610D /* Debug */ = {
			isa = XCBuildConfiguration;
			baseConfigurationReference = 4802E8030206D4AB69EA6371 /* Pods-Breakpoint.debug.xcconfig */;
			buildSettings = {
				ASSETCATALOG_COMPILER_APPICON_NAME = AppIcon;
				CODE_SIGN_STYLE = Automatic;
				DEVELOPMENT_TEAM = V3ZBX77VJ3;
				INFOPLIST_FILE = Breakpoint/Info.plist;
				LD_RUNPATH_SEARCH_PATHS = (
					"$(inherited)",
					"@executable_path/Frameworks",
				);
				PRODUCT_BUNDLE_IDENTIFIER = com.ketanchoyal.Breakpoint;
				PRODUCT_NAME = "$(TARGET_NAME)";
				SWIFT_VERSION = 4.2;
				TARGETED_DEVICE_FAMILY = "1,2";
			};
			name = Debug;
		};
		9716959921C417840057610D /* Release */ = {
			isa = XCBuildConfiguration;
			baseConfigurationReference = 485E441A772DEF8F6F719BEC /* Pods-Breakpoint.release.xcconfig */;
			buildSettings = {
				ASSETCATALOG_COMPILER_APPICON_NAME = AppIcon;
				CODE_SIGN_STYLE = Automatic;
				DEVELOPMENT_TEAM = V3ZBX77VJ3;
				INFOPLIST_FILE = Breakpoint/Info.plist;
				LD_RUNPATH_SEARCH_PATHS = (
					"$(inherited)",
					"@executable_path/Frameworks",
				);
				PRODUCT_BUNDLE_IDENTIFIER = com.ketanchoyal.Breakpoint;
				PRODUCT_NAME = "$(TARGET_NAME)";
				SWIFT_VERSION = 4.2;
				TARGETED_DEVICE_FAMILY = "1,2";
			};
			name = Release;
		};
/* End XCBuildConfiguration section */

/* Begin XCConfigurationList section */
		9716957E21C417820057610D /* Build configuration list for PBXProject "Breakpoint" */ = {
			isa = XCConfigurationList;
			buildConfigurations = (
				9716959521C417840057610D /* Debug */,
				9716959621C417840057610D /* Release */,
			);
			defaultConfigurationIsVisible = 0;
			defaultConfigurationName = Release;
		};
		9716959721C417840057610D /* Build configuration list for PBXNativeTarget "Breakpoint" */ = {
			isa = XCConfigurationList;
			buildConfigurations = (
				9716959821C417840057610D /* Debug */,
				9716959921C417840057610D /* Release */,
			);
			defaultConfigurationIsVisible = 0;
			defaultConfigurationName = Release;
		};
/* End XCConfigurationList section */
	};
	rootObject = 9716957B21C417820057610D /* Project object */;
}
